
Microsoft Visual Studio Solution File, Format Version 12.00
# Visual Studio Version 17
VisualStudioVersion = 17.11.35327.3
MinimumVisualStudioVersion = 10.0.40219.1
Project("{FAE04EC0-301F-11D3-BF4B-00C04F79EFBC}") = "7.font-awesome_Login_Registration", "7.font-awesome_Login_Registration\7.font-awesome_Login_Registration.csproj", "{21085530-FED6-43AC-ACBC-425972C2C6CD}"
EndProject
Global
	GlobalSection(SolutionConfigurationPlatforms) = preSolution
		Debug|Any CPU = Debug|Any CPU
		Release|Any CPU = Release|Any CPU
	EndGlobalSection
	GlobalSection(ProjectConfigurationPlatforms) = postSolution
		{21085530-FED6-43AC-ACBC-425972C2C6CD}.Debug|Any CPU.ActiveCfg = Debug|Any CPU
		{21085530-FED6-43AC-ACBC-425972C2C6CD}.Debug|Any CPU.Build.0 = Debug|Any CPU
		{21085530-FED6-43AC-ACBC-425972C2C6CD}.Release|Any CPU.ActiveCfg = Release|Any CPU
		{21085530-FED6-43AC-ACBC-425972C2C6CD}.Release|Any CPU.Build.0 = Release|Any CPU
	EndGlobalSection
	GlobalSection(SolutionProperties) = preSolution
		HideSolutionNode = FALSE
	EndGlobalSection
	GlobalSection(ExtensibilityGlobals) = postSolution
		SolutionGuid = {EF761954-E0C0-4019-A49F-AAB80C2212A9}
	EndGlobalSection
EndGlobal
